
Microsoft Visual Studio Solution File, Format Version 12.00
# Visual Studio Version 16
VisualStudioVersion = 16.0.31321.278
MinimumVisualStudioVersion = 10.0.40219.1
Project("{FAE04EC0-301F-11D3-BF4B-00C04F79EFBC}") = "References_Houston_Morgan", "References_Houston_Morgan.csproj", "{7F73EEC8-5821-4760-9623-7651A264608C}"
EndProject
Global
	GlobalSection(SolutionConfigurationPlatforms) = preSolution
		Debug|Any CPU = Debug|Any CPU
		Release|Any CPU = Release|Any CPU
	EndGlobalSection
	GlobalSection(ProjectConfigurationPlatforms) = postSolution
		{7F73EEC8-5821-4760-9623-7651A264608C}.Debug|Any CPU.ActiveCfg = Debug|Any CPU
		{7F73EEC8-5821-4760-9623-7651A264608C}.Debug|Any CPU.Build.0 = Debug|Any CPU
		{7F73EEC8-5821-4760-9623-7651A264608C}.Release|Any CPU.ActiveCfg = Release|Any CPU
		{7F73EEC8-5821-4760-9623-7651A264608C}.Release|Any CPU.Build.0 = Release|Any CPU
	EndGlobalSection
	GlobalSection(SolutionProperties) = preSolution
		HideSolutionNode = FALSE
	EndGlobalSection
	GlobalSection(ExtensibilityGlobals) = postSolution
		SolutionGuid = {E8519723-99C9-49B4-8027-0EBCC2A1B98C}
	EndGlobalSection
EndGlobal
